// !$*UTF8*$!
{
	archiveVersion = 1;
	classes = {
	};
	objectVersion = 77;
	objects = {

/* Begin PBXContainerItemProxy section */
		A05F4F8C2D72C7EB00884252 /* PBXContainerItemProxy */ = {
			isa = PBXContainerItemProxy;
			containerPortal = A05F4F732D72C7E000884252 /* Project object */;
			proxyType = 1;
			remoteGlobalIDString = A05F4F7A2D72C7E000884252;
			remoteInfo = GroceryPlus;
		};
		A05F4F962D72C7EB00884252 /* PBXContainerItemProxy */ = {
			isa = PBXContainerItemProxy;
			containerPortal = A05F4F732D72C7E000884252 /* Project object */;
			proxyType = 1;
			remoteGlobalIDString = A05F4F7A2D72C7E000884252;
			remoteInfo = GroceryPlus;
		};
/* End PBXContainerItemProxy section */

/* Begin PBXFileReference section */
		A05F4F7B2D72C7E000884252 /* GroceryPlus.app */ = {isa = PBXFileReference; explicitFileType = wrapper.application; includeInIndex = 0; path = GroceryPlus.app; sourceTree = BUILT_PRODUCTS_DIR; };
		A05F4F8B2D72C7EB00884252 /* GroceryPlusTests.xctest */ = {isa = PBXFileReference; explicitFileType = wrapper.cfbundle; includeInIndex = 0; path = GroceryPlusTests.xctest; sourceTree = BUILT_PRODUCTS_DIR; };
		A05F4F952D72C7EB00884252 /* GroceryPlusUITests.xctest */ = {isa = PBXFileReference; explicitFileType = wrapper.cfbundle; includeInIndex = 0; path = GroceryPlusUITests.xctest; sourceTree = BUILT_PRODUCTS_DIR; };
/* End PBXFileReference section */

/* Begin PBXFileSystemSynchronizedRootGroup section */
		A05F4F7D2D72C7E000884252 /* GroceryPlus */ = {
			isa = PBXFileSystemSynchronizedRootGroup;
			path = GroceryPlus;
			sourceTree = "<group>";
		};
		A05F4F8E2D72C7EB00884252 /* GroceryPlusTests */ = {
			isa = PBXFileSystemSynchronizedRootGroup;
			path = GroceryPlusTests;
			sourceTree = "<group>";
		};
		A05F4F982D72C7EB00884252 /* GroceryPlusUITests */ = {
			isa = PBXFileSystemSynchronizedRootGroup;
			path = GroceryPlusUITests;
			sourceTree = "<group>";
		};
/* End PBXFileSystemSynchronizedRootGroup section */

/* Begin PBXFrameworksBuildPhase section */
		A05F4F782D72C7E000884252 /* Frameworks */ = {
			isa = PBXFrameworksBuildPhase;
			buildActionMask = 2147483647;
			files = (
			);
			runOnlyForDeploymentPostprocessing = 0;
		};
		A05F4F882D72C7EB00884252 /* Frameworks */ = {
			isa = PBXFrameworksBuildPhase;
			buildActionMask = 2147483647;
			files = (
			);
			runOnlyForDeploymentPostprocessing = 0;
		};
		A05F4F922D72C7EB00884252 /* Frameworks */ = {
			isa = PBXFrameworksBuildPhase;
			buildActionMask = 2147483647;
			files = (
			);
			runOnlyForDeploymentPostprocessing = 0;
		};
/* End PBXFrameworksBuildPhase section */

/* Begin PBXGroup section */
		A05F4F722D72C7E000884252 = {
			isa = PBXGroup;
			children = (
				A05F4F7D2D72C7E000884252 /* GroceryPlus */,
				A05F4F8E2D72C7EB00884252 /* GroceryPlusTests */,
				A05F4F982D72C7EB00884252 /* GroceryPlusUITests */,
				A05F4F7C2D72C7E000884252 /* Products */,
			);
			sourceTree = "<group>";
		};
		A05F4F7C2D72C7E000884252 /* Products */ = {
			isa = PBXGroup;
			children = (
				A05F4F7B2D72C7E000884252 /* GroceryPlus.app */,
				A05F4F8B2D72C7EB00884252 /* GroceryPlusTests.xctest */,
				A05F4F952D72C7EB00884252 /* GroceryPlusUITests.xctest */,
			);
			name = Products;
			sourceTree = "<group>";
		};
/* End PBXGroup section */

/* Begin PBXNativeTarget section */
		A05F4F7A2D72C7E000884252 /* GroceryPlus */ = {
			isa = PBXNativeTarget;
			buildConfigurationList = A05F4F9F2D72C7EB00884252 /* Build configuration list for PBXNativeTarget "GroceryPlus" */;
			buildPhases = (
				A05F4F772D72C7E000884252 /* Sources */,
				A05F4F782D72C7E000884252 /* Frameworks */,
				A05F4F792D72C7E000884252 /* Resources */,
			);
			buildRules = (
			);
			dependencies = (
			);
			fileSystemSynchronizedGroups = (
				A05F4F7D2D72C7E000884252 /* GroceryPlus */,
			);
			name = GroceryPlus;
			packageProductDependencies = (
			);
			productName = GroceryPlus;
			productReference = A05F4F7B2D72C7E000884252 /* GroceryPlus.app */;
			productType = "com.apple.product-type.application";
		};
		A05F4F8A2D72C7EB00884252 /* GroceryPlusTests */ = {
			isa = PBXNativeTarget;
			buildConfigurationList = A05F4FA22D72C7EB00884252 /* Build configuration list for PBXNativeTarget "GroceryPlusTests" */;
			buildPhases = (
				A05F4F872D72C7EB00884252 /* Sources */,
				A05F4F882D72C7EB00884252 /* Frameworks */,
				A05F4F892D72C7EB00884252 /* Resources */,
			);
			buildRules = (
			);
			dependencies = (
				A05F4F8D2D72C7EB00884252 /* PBXTargetDependency */,
			);
			fileSystemSynchronizedGroups = (
				A05F4F8E2D72C7EB00884252 /* GroceryPlusTests */,
			);
			name = GroceryPlusTests;
			packageProductDependencies = (
			);
			productName = GroceryPlusTests;
			productReference = A05F4F8B2D72C7EB00884252 /* GroceryPlusTests.xctest */;
			productType = "com.apple.product-type.bundle.unit-test";
		};
		A05F4F942D72C7EB00884252 /* GroceryPlusUITests */ = {
			isa = PBXNativeTarget;
			buildConfigurationList = A05F4FA52D72C7EB00884252 /* Build configuration list for PBXNativeTarget "GroceryPlusUITests" */;
			buildPhases = (
				A05F4F912D72C7EB00884252 /* Sources */,
				A05F4F922D72C7EB00884252 /* Frameworks */,
				A05F4F932D72C7EB00884252 /* Resources */,
			);
			buildRules = (
			);
			dependencies = (
				A05F4F972D72C7EB00884252 /* PBXTargetDependency */,
			);
			fileSystemSynchronizedGroups = (
				A05F4F982D72C7EB00884252 /* GroceryPlusUITests */,
			);
			name = GroceryPlusUITests;
			packageProductDependencies = (
			);
			productName = GroceryPlusUITests;
			productReference = A05F4F952D72C7EB00884252 /* GroceryPlusUITests.xctest */;
			productType = "com.apple.product-type.bundle.ui-testing";
		};
/* End PBXNativeTarget section */

/* Begin PBXProject section */
		A05F4F732D72C7E000884252 /* Project object */ = {
			isa = PBXProject;
			attributes = {
				BuildIndependentTargetsInParallel = 1;
				LastSwiftUpdateCheck = 1600;
				LastUpgradeCheck = 1600;
				TargetAttributes = {
					A05F4F7A2D72C7E000884252 = {
						CreatedOnToolsVersion = 16.0;
					};
					A05F4F8A2D72C7EB00884252 = {
						CreatedOnToolsVersion = 16.0;
						TestTargetID = A05F4F7A2D72C7E000884252;
					};
					A05F4F942D72C7EB00884252 = {
						CreatedOnToolsVersion = 16.0;
						TestTargetID = A05F4F7A2D72C7E000884252;
					};
				};
			};
			buildConfigurationList = A05F4F762D72C7E000884252 /* Build configuration list for PBXProject "GroceryPlus" */;
			developmentRegion = en;
			hasScannedForEncodings = 0;
			knownRegions = (
				en,
				Base,
			);
			mainGroup = A05F4F722D72C7E000884252;
			minimizedProjectReferenceProxies = 1;
			preferredProjectObjectVersion = 77;
			productRefGroup = A05F4F7C2D72C7E000884252 /* Products */;
			projectDirPath = "";
			projectRoot = "";
			targets = (
				A05F4F7A2D72C7E000884252 /* GroceryPlus */,
				A05F4F8A2D72C7EB00884252 /* GroceryPlusTests */,
				A05F4F942D72C7EB00884252 /* GroceryPlusUITests */,
			);
		};
/* End PBXProject section */

/* Begin PBXResourcesBuildPhase section */
		A05F4F792D72C7E000884252 /* Resources */ = {
			isa = PBXResourcesBuildPhase;
			buildActionMask = 2147483647;
			files = (
			);
			runOnlyForDeploymentPostprocessing = 0;
		};
		A05F4F892D72C7EB00884252 /* Resources */ = {
			isa = PBXResourcesBuildPhase;
			buildActionMask = 2147483647;
			files = (
			);
			runOnlyForDeploymentPostprocessing = 0;
		};
		A05F4F932D72C7EB00884252 /* Resources */ = {
			isa = PBXResourcesBuildPhase;
			buildActionMask = 2147483647;
			files = (
			);
			runOnlyForDeploymentPostprocessing = 0;
		};
/* End PBXResourcesBuildPhase section */

/* Begin PBXSourcesBuildPhase section */
		A05F4F772D72C7E000884252 /* Sources */ = {
			isa = PBXSourcesBuildPhase;
			buildActionMask = 2147483647;
			files = (
			);
			runOnlyForDeploymentPostprocessing = 0;
		};
		A05F4F872D72C7EB00884252 /* Sources */ = {
			isa = PBXSourcesBuildPhase;
			buildActionMask = 2147483647;
			files = (
			);
			runOnlyForDeploymentPostprocessing = 0;
		};
		A05F4F912D72C7EB00884252 /* Sources */ = {
			isa = PBXSourcesBuildPhase;
			buildActionMask = 2147483647;
			files = (
			);
			runOnlyForDeploymentPostprocessing = 0;
		};
/* End PBXSourcesBuildPhase section */

/* Begin PBXTargetDependency section */
		A05F4F8D2D72C7EB00884252 /* PBXTargetDependency */ = {
			isa = PBXTargetDependency;
			target = A05F4F7A2D72C7E000884252 /* GroceryPlus */;
			targetProxy = A05F4F8C2D72C7EB00884252 /* PBXContainerItemProxy */;
		};
		A05F4F972D72C7EB00884252 /* PBXTargetDependency */ = {
			isa = PBXTargetDependency;
			target = A05F4F7A2D72C7E000884252 /* GroceryPlus */;
			targetProxy = A05F4F962D72C7EB00884252 /* PBXContainerItemProxy */;
		};
/* End PBXTargetDependency section */

/* Begin XCBuildConfiguration section */
		A05F4F9D2D72C7EB00884252 /* Debug */ = {
			isa = XCBuildConfiguration;
			buildSettings = {
				ALWAYS_SEARCH_USER_PATHS = NO;
				ASSETCATALOG_COMPILER_GENERATE_SWIFT_ASSET_SYMBOL_EXTENSIONS = YES;
				CLANG_ANALYZER_NONNULL = YES;
				CLANG_ANALYZER_NUMBER_OBJECT_CONVERSION = YES_AGGRESSIVE;
				CLANG_CXX_LANGUAGE_STANDARD = "gnu++20";
				CLANG_ENABLE_MODULES = YES;
				CLANG_ENABLE_OBJC_ARC = YES;
				CLANG_ENABLE_OBJC_WEAK = YES;
				CLANG_WARN_BLOCK_CAPTURE_AUTORELEASING = YES;
				CLANG_WARN_BOOL_CONVERSION = YES;
				CLANG_WARN_COMMA = YES;
				CLANG_WARN_CONSTANT_CONVERSION = YES;
				CLANG_WARN_DEPRECATED_OBJC_IMPLEMENTATIONS = YES;
				CLANG_WARN_DIRECT_OBJC_ISA_USAGE = YES_ERROR;
				CLANG_WARN_DOCUMENTATION_COMMENTS = YES;
				CLANG_WARN_EMPTY_BODY = YES;
				CLANG_WARN_ENUM_CONVERSION = YES;
				CLANG_WARN_INFINITE_RECURSION = YES;
				CLANG_WARN_INT_CONVERSION = YES;
				CLANG_WARN_NON_LITERAL_NULL_CONVERSION = YES;
				CLANG_WARN_OBJC_IMPLICIT_RETAIN_SELF = YES;
				CLANG_WARN_OBJC_LITERAL_CONVERSION = YES;
				CLANG_WARN_OBJC_ROOT_CLASS = YES_ERROR;
				CLANG_WARN_QUOTED_INCLUDE_IN_FRAMEWORK_HEADER = YES;
				CLANG_WARN_RANGE_LOOP_ANALYSIS = YES;
				CLANG_WARN_STRICT_PROTOTYPES = YES;
				CLANG_WARN_SUSPICIOUS_MOVE = YES;
				CLANG_WARN_UNGUARDED_AVAILABILITY = YES_AGGRESSIVE;
				CLANG_WARN_UNREACHABLE_CODE = YES;
				CLANG_WARN__DUPLICATE_METHOD_MATCH = YES;
				COPY_PHASE_STRIP = NO;
				DEBUG_INFORMATION_FORMAT = dwarf;
				ENABLE_STRICT_OBJC_MSGSEND = YES;
				ENABLE_TESTABILITY = YES;
				ENABLE_USER_SCRIPT_SANDBOXING = YES;
				GCC_C_LANGUAGE_STANDARD = gnu17;
				GCC_DYNAMIC_NO_PIC = NO;
				GCC_NO_COMMON_BLOCKS = YES;
				GCC_OPTIMIZATION_LEVEL = 0;
				GCC_PREPROCESSOR_DEFINITIONS = (
					"DEBUG=1",
					"$(inherited)",
				);
				GCC_WARN_64_TO_32_BIT_CONVERSION = YES;
				GCC_WARN_ABOUT_RETURN_TYPE = YES_ERROR;
				GCC_WARN_UNDECLARED_SELECTOR = YES;
				GCC_WARN_UNINITIALIZED_AUTOS = YES_AGGRESSIVE;
				GCC_WARN_UNUSED_FUNCTION = YES;
				GCC_WARN_UNUSED_VARIABLE = YES;
				IPHONEOS_DEPLOYMENT_TARGET = 18.0;
				LOCALIZATION_PREFERS_STRING_CATALOGS = YES;
				MTL_ENABLE_DEBUG_INFO = INCLUDE_SOURCE;
				MTL_FAST_MATH = YES;
				ONLY_ACTIVE_ARCH = YES;
				SDKROOT = iphoneos;
				SWIFT_ACTIVE_COMPILATION_CONDITIONS = "DEBUG $(inherited)";
				SWIFT_OPTIMIZATION_LEVEL = "-Onone";
			};
			name = Debug;
		};
		A05F4F9E2D72C7EB00884252 /* Release */ = {
			isa = XCBuildConfiguration;
			buildSettings = {
				ALWAYS_SEARCH_USER_PATHS = NO;
				ASSETCATALOG_COMPILER_GENERATE_SWIFT_ASSET_SYMBOL_EXTENSIONS = YES;
				CLANG_ANALYZER_NONNULL = YES;
				CLANG_ANALYZER_NUMBER_OBJECT_CONVERSION = YES_AGGRESSIVE;
				CLANG_CXX_LANGUAGE_STANDARD = "gnu++20";
				CLANG_ENABLE_MODULES = YES;
				CLANG_ENABLE_OBJC_ARC = YES;
				CLANG_ENABLE_OBJC_WEAK = YES;
				CLANG_WARN_BLOCK_CAPTURE_AUTORELEASING = YES;
				CLANG_WARN_BOOL_CONVERSION = YES;
				CLANG_WARN_COMMA = YES;
				CLANG_WARN_CONSTANT_CONVERSION = YES;
				CLANG_WARN_DEPRECATED_OBJC_IMPLEMENTATIONS = YES;
				CLANG_WARN_DIRECT_OBJC_ISA_USAGE = YES_ERROR;
				CLANG_WARN_DOCUMENTATION_COMMENTS = YES;
				CLANG_WARN_EMPTY_BODY = YES;
				CLANG_WARN_ENUM_CONVERSION = YES;
				CLANG_WARN_INFINITE_RECURSION = YES;
				CLANG_WARN_INT_CONVERSION = YES;
				CLANG_WARN_NON_LITERAL_NULL_CONVERSION = YES;
				CLANG_WARN_OBJC_IMPLICIT_RETAIN_SELF = YES;
				CLANG_WARN_OBJC_LITERAL_CONVERSION = YES;
				CLANG_WARN_OBJC_ROOT_CLASS = YES_ERROR;
				CLANG_WARN_QUOTED_INCLUDE_IN_FRAMEWORK_HEADER = YES;
				CLANG_WARN_RANGE_LOOP_ANALYSIS = YES;
				CLANG_WARN_STRICT_PROTOTYPES = YES;
				CLANG_WARN_SUSPICIOUS_MOVE = YES;
				CLANG_WARN_UNGUARDED_AVAILABILITY = YES_AGGRESSIVE;
				CLANG_WARN_UNREACHABLE_CODE = YES;
				CLANG_WARN__DUPLICATE_METHOD_MATCH = YES;
				COPY_PHASE_STRIP = NO;
				DEBUG_INFORMATION_FORMAT = "dwarf-with-dsym";
				ENABLE_NS_ASSERTIONS = NO;
				ENABLE_STRICT_OBJC_MSGSEND = YES;
				ENABLE_USER_SCRIPT_SANDBOXING = YES;
				GCC_C_LANGUAGE_STANDARD = gnu17;
				GCC_NO_COMMON_BLOCKS = YES;
				GCC_WARN_64_TO_32_BIT_CONVERSION = YES;
				GCC_WARN_ABOUT_RETURN_TYPE = YES_ERROR;
				GCC_WARN_UNDECLARED_SELECTOR = YES;
				GCC_WARN_UNINITIALIZED_AUTOS = YES_AGGRESSIVE;
				GCC_WARN_UNUSED_FUNCTION = YES;
				GCC_WARN_UNUSED_VARIABLE = YES;
				IPHONEOS_DEPLOYMENT_TARGET = 18.0;
				LOCALIZATION_PREFERS_STRING_CATALOGS = YES;
				MTL_ENABLE_DEBUG_INFO = NO;
				MTL_FAST_MATH = YES;
				SDKROOT = iphoneos;
				SWIFT_COMPILATION_MODE = wholemodule;
				VALIDATE_PRODUCT = YES;
			};
			name = Release;
		};
		A05F4FA02D72C7EB00884252 /* Debug */ = {
			isa = XCBuildConfiguration;
			buildSettings = {
				ASSETCATALOG_COMPILER_APPICON_NAME = AppIcon;
				ASSETCATALOG_COMPILER_GLOBAL_ACCENT_COLOR_NAME = AccentColor;
				CODE_SIGN_STYLE = Automatic;
				CURRENT_PROJECT_VERSION = 1;
				DEVELOPMENT_ASSET_PATHS = "\"GroceryPlus/Preview Content\"";
				DEVELOPMENT_TEAM = R48SV542U7;
				ENABLE_PREVIEWS = YES;
				GENERATE_INFOPLIST_FILE = YES;
				INFOPLIST_KEY_UIApplicationSceneManifest_Generation = YES;
				INFOPLIST_KEY_UIApplicationSupportsIndirectInputEvents = YES;
				INFOPLIST_KEY_UILaunchStoryboardName = Splash.storyboard;
				INFOPLIST_KEY_UISupportedInterfaceOrientations_iPad = "UIInterfaceOrientationPortrait UIInterfaceOrientationPortraitUpsideDown UIInterfaceOrientationLandscapeLeft UIInterfaceOrientationLandscapeRight";
				INFOPLIST_KEY_UISupportedInterfaceOrientations_iPhone = "UIInterfaceOrientationPortrait UIInterfaceOrientationLandscapeLeft UIInterfaceOrientationLandscapeRight";
				LD_RUNPATH_SEARCH_PATHS = (
					"$(inherited)",
					"@executable_path/Frameworks",
				);
				MARKETING_VERSION = 1.0;
				PRODUCT_BUNDLE_IDENTIFIER = com.sharuk.GroceryPlus;
				PRODUCT_NAME = "$(TARGET_NAME)";
				SWIFT_EMIT_LOC_STRINGS = YES;
				SWIFT_VERSION = 5.0;
				TARGETED_DEVICE_FAMILY = "1,2";
			};
			name = Debug;
		};
		A05F4FA12D72C7EB00884252 /* Release */ = {
			isa = XCBuildConfiguration;
			buildSettings = {
				ASSETCATALOG_COMPILER_APPICON_NAME = AppIcon;
				ASSETCATALOG_COMPILER_GLOBAL_ACCENT_COLOR_NAME = AccentColor;
				CODE_SIGN_STYLE = Automatic;
				CURRENT_PROJECT_VERSION = 1;
				DEVELOPMENT_ASSET_PATHS = "\"GroceryPlus/Preview Content\"";
				DEVELOPMENT_TEAM = R48SV542U7;
				ENABLE_PREVIEWS = YES;
				GENERATE_INFOPLIST_FILE = YES;
				INFOPLIST_KEY_UIApplicationSceneManifest_Generation = YES;
				INFOPLIST_KEY_UIApplicationSupportsIndirectInputEvents = YES;
				INFOPLIST_KEY_UILaunchStoryboardName = Splash.storyboard;
				INFOPLIST_KEY_UISupportedInterfaceOrientations_iPad = "UIInterfaceOrientationPortrait UIInterfaceOrientationPortraitUpsideDown UIInterfaceOrientationLandscapeLeft UIInterfaceOrientationLandscapeRight";
				INFOPLIST_KEY_UISupportedInterfaceOrientations_iPhone = "UIInterfaceOrientationPortrait UIInterfaceOrientationLandscapeLeft UIInterfaceOrientationLandscapeRight";
				LD_RUNPATH_SEARCH_PATHS = (
					"$(inherited)",
					"@executable_path/Frameworks",
				);
				MARKETING_VERSION = 1.0;
				PRODUCT_BUNDLE_IDENTIFIER = com.sharuk.GroceryPlus;
				PRODUCT_NAME = "$(TARGET_NAME)";
				SWIFT_EMIT_LOC_STRINGS = YES;
				SWIFT_VERSION = 5.0;
				TARGETED_DEVICE_FAMILY = "1,2";
			};
			name = Release;
		};
		A05F4FA32D72C7EB00884252 /* Debug */ = {
			isa = XCBuildConfiguration;
			buildSettings = {
				BUNDLE_LOADER = "$(TEST_HOST)";
				CODE_SIGN_STYLE = Automatic;
				CURRENT_PROJECT_VERSION = 1;
				DEVELOPMENT_TEAM = R48SV542U7;
				GENERATE_INFOPLIST_FILE = YES;
				IPHONEOS_DEPLOYMENT_TARGET = 18.0;
				MARKETING_VERSION = 1.0;
				PRODUCT_BUNDLE_IDENTIFIER = com.sharuk.GroceryPlusTests;
				PRODUCT_NAME = "$(TARGET_NAME)";
				SWIFT_EMIT_LOC_STRINGS = NO;
				SWIFT_VERSION = 5.0;
				TARGETED_DEVICE_FAMILY = "1,2";
				TEST_HOST = "$(BUILT_PRODUCTS_DIR)/GroceryPlus.app/$(BUNDLE_EXECUTABLE_FOLDER_PATH)/GroceryPlus";
			};
			name = Debug;
		};
		A05F4FA42D72C7EB00884252 /* Release */ = {
			isa = XCBuildConfiguration;
			buildSettings = {
				BUNDLE_LOADER = "$(TEST_HOST)";
				CODE_SIGN_STYLE = Automatic;
				CURRENT_PROJECT_VERSION = 1;
				DEVELOPMENT_TEAM = R48SV542U7;
				GENERATE_INFOPLIST_FILE = YES;
				IPHONEOS_DEPLOYMENT_TARGET = 18.0;
				MARKETING_VERSION = 1.0;
				PRODUCT_BUNDLE_IDENTIFIER = com.sharuk.GroceryPlusTests;
				PRODUCT_NAME = "$(TARGET_NAME)";
				SWIFT_EMIT_LOC_STRINGS = NO;
				SWIFT_VERSION = 5.0;
				TARGETED_DEVICE_FAMILY = "1,2";
				TEST_HOST = "$(BUILT_PRODUCTS_DIR)/GroceryPlus.app/$(BUNDLE_EXECUTABLE_FOLDER_PATH)/GroceryPlus";
			};
			name = Release;
		};
		A05F4FA62D72C7EB00884252 /* Debug */ = {
			isa = XCBuildConfiguration;
			buildSettings = {
				CODE_SIGN_STYLE = Automatic;
				CURRENT_PROJECT_VERSION = 1;
				DEVELOPMENT_TEAM = R48SV542U7;
				GENERATE_INFOPLIST_FILE = YES;
				MARKETING_VERSION = 1.0;
				PRODUCT_BUNDLE_IDENTIFIER = com.sharuk.GroceryPlusUITests;
				PRODUCT_NAME = "$(TARGET_NAME)";
				SWIFT_EMIT_LOC_STRINGS = NO;
				SWIFT_VERSION = 5.0;
				TARGETED_DEVICE_FAMILY = "1,2";
				TEST_TARGET_NAME = GroceryPlus;
			};
			name = Debug;
		};
		A05F4FA72D72C7EB00884252 /* Release */ = {
			isa = XCBuildConfiguration;
			buildSettings = {
				CODE_SIGN_STYLE = Automatic;
				CURRENT_PROJECT_VERSION = 1;
				DEVELOPMENT_TEAM = R48SV542U7;
				GENERATE_INFOPLIST_FILE = YES;
				MARKETING_VERSION = 1.0;
				PRODUCT_BUNDLE_IDENTIFIER = com.sharuk.GroceryPlusUITests;
				PRODUCT_NAME = "$(TARGET_NAME)";
				SWIFT_EMIT_LOC_STRINGS = NO;
				SWIFT_VERSION = 5.0;
				TARGETED_DEVICE_FAMILY = "1,2";
				TEST_TARGET_NAME = GroceryPlus;
			};
			name = Release;
		};
/* End XCBuildConfiguration section */

/* Begin XCConfigurationList section */
		A05F4F762D72C7E000884252 /* Build configuration list for PBXProject "GroceryPlus" */ = {
			isa = XCConfigurationList;
			buildConfigurations = (
				A05F4F9D2D72C7EB00884252 /* Debug */,
				A05F4F9E2D72C7EB00884252 /* Release */,
			);
			defaultConfigurationIsVisible = 0;
			defaultConfigurationName = Release;
		};
		A05F4F9F2D72C7EB00884252 /* Build configuration list for PBXNativeTarget "GroceryPlus" */ = {
			isa = XCConfigurationList;
			buildConfigurations = (
				A05F4FA02D72C7EB00884252 /* Debug */,
				A05F4FA12D72C7EB00884252 /* Release */,
			);
			defaultConfigurationIsVisible = 0;
			defaultConfigurationName = Release;
		};
		A05F4FA22D72C7EB00884252 /* Build configuration list for PBXNativeTarget "GroceryPlusTests" */ = {
			isa = XCConfigurationList;
			buildConfigurations = (
				A05F4FA32D72C7EB00884252 /* Debug */,
				A05F4FA42D72C7EB00884252 /* Release */,
			);
			defaultConfigurationIsVisible = 0;
			defaultConfigurationName = Release;
		};
		A05F4FA52D72C7EB00884252 /* Build configuration list for PBXNativeTarget "GroceryPlusUITests" */ = {
			isa = XCConfigurationList;
			buildConfigurations = (
				A05F4FA62D72C7EB00884252 /* Debug */,
				A05F4FA72D72C7EB00884252 /* Release */,
			);
			defaultConfigurationIsVisible = 0;
			defaultConfigurationName = Release;
		};
/* End XCConfigurationList section */
	};
	rootObject = A05F4F732D72C7E000884252 /* Project object */;
}
